// !$*UTF8*$!
{
	archiveVersion = 1;
	classes = {
	};
	objectVersion = 50;
	objects = {

/* Begin PBXBuildFile section */
		1FF135872566A520007E63D2 /* AppDelegate.swift in Sources */ = {isa = PBXBuildFile; fileRef = 1FF135862566A520007E63D2 /* AppDelegate.swift */; };
		1FF135892566A520007E63D2 /* SceneDelegate.swift in Sources */ = {isa = PBXBuildFile; fileRef = 1FF135882566A520007E63D2 /* SceneDelegate.swift */; };
		1FF1358B2566A520007E63D2 /* ViewController.swift in Sources */ = {isa = PBXBuildFile; fileRef = 1FF1358A2566A520007E63D2 /* ViewController.swift */; };
		1FF1358E2566A520007E63D2 /* Main.storyboard in Resources */ = {isa = PBXBuildFile; fileRef = 1FF1358C2566A520007E63D2 /* Main.storyboard */; };
		1FF135902566A524007E63D2 /* Assets.xcassets in Resources */ = {isa = PBXBuildFile; fileRef = 1FF1358F2566A524007E63D2 /* Assets.xcassets */; };
		1FF135932566A524007E63D2 /* LaunchScreen.storyboard in Resources */ = {isa = PBXBuildFile; fileRef = 1FF135912566A524007E63D2 /* LaunchScreen.storyboard */; };
		1FF1359E2566A524007E63D2 /* TodayTests.swift in Sources */ = {isa = PBXBuildFile; fileRef = 1FF1359D2566A524007E63D2 /* TodayTests.swift */; };
		1FF135A92566A524007E63D2 /* TodayUITests.swift in Sources */ = {isa = PBXBuildFile; fileRef = 1FF135A82566A524007E63D2 /* TodayUITests.swift */; };
/* End PBXBuildFile section */

/* Begin PBXContainerItemProxy section */
		1FF1359A2566A524007E63D2 /* PBXContainerItemProxy */ = {
			isa = PBXContainerItemProxy;
			containerPortal = 1FF1357B2566A520007E63D2 /* Project object */;
			proxyType = 1;
			remoteGlobalIDString = 1FF135822566A520007E63D2;
			remoteInfo = Today;
		};
		1FF135A52566A524007E63D2 /* PBXContainerItemProxy */ = {
			isa = PBXContainerItemProxy;
			containerPortal = 1FF1357B2566A520007E63D2 /* Project object */;
			proxyType = 1;
			remoteGlobalIDString = 1FF135822566A520007E63D2;
			remoteInfo = Today;
		};
/* End PBXContainerItemProxy section */

/* Begin PBXFileReference section */
		1FF135832566A520007E63D2 /* Today.app */ = {isa = PBXFileReference; explicitFileType = wrapper.application; includeInIndex = 0; path = Today.app; sourceTree = BUILT_PRODUCTS_DIR; };
		1FF135862566A520007E63D2 /* AppDelegate.swift */ = {isa = PBXFileReference; lastKnownFileType = sourcecode.swift; path = AppDelegate.swift; sourceTree = "<group>"; };
		1FF135882566A520007E63D2 /* SceneDelegate.swift */ = {isa = PBXFileReference; lastKnownFileType = sourcecode.swift; path = SceneDelegate.swift; sourceTree = "<group>"; };
		1FF1358A2566A520007E63D2 /* ViewController.swift */ = {isa = PBXFileReference; lastKnownFileType = sourcecode.swift; path = ViewController.swift; sourceTree = "<group>"; };
		1FF1358D2566A520007E63D2 /* Base */ = {isa = PBXFileReference; lastKnownFileType = file.storyboard; name = Base; path = Base.lproj/Main.storyboard; sourceTree = "<group>"; };
		1FF1358F2566A524007E63D2 /* Assets.xcassets */ = {isa = PBXFileReference; lastKnownFileType = folder.assetcatalog; path = Assets.xcassets; sourceTree = "<group>"; };
		1FF135922566A524007E63D2 /* Base */ = {isa = PBXFileReference; lastKnownFileType = file.storyboard; name = Base; path = Base.lproj/LaunchScreen.storyboard; sourceTree = "<group>"; };
		1FF135942566A524007E63D2 /* Info.plist */ = {isa = PBXFileReference; lastKnownFileType = text.plist.xml; path = Info.plist; sourceTree = "<group>"; };
		1FF135992566A524007E63D2 /* TodayTests.xctest */ = {isa = PBXFileReference; explicitFileType = wrapper.cfbundle; includeInIndex = 0; path = TodayTests.xctest; sourceTree = BUILT_PRODUCTS_DIR; };
		1FF1359D2566A524007E63D2 /* TodayTests.swift */ = {isa = PBXFileReference; lastKnownFileType = sourcecode.swift; path = TodayTests.swift; sourceTree = "<group>"; };
		1FF1359F2566A524007E63D2 /* Info.plist */ = {isa = PBXFileReference; lastKnownFileType = text.plist.xml; path = Info.plist; sourceTree = "<group>"; };
		1FF135A42566A524007E63D2 /* TodayUITests.xctest */ = {isa = PBXFileReference; explicitFileType = wrapper.cfbundle; includeInIndex = 0; path = TodayUITests.xctest; sourceTree = BUILT_PRODUCTS_DIR; };
		1FF135A82566A524007E63D2 /* TodayUITests.swift */ = {isa = PBXFileReference; lastKnownFileType = sourcecode.swift; path = TodayUITests.swift; sourceTree = "<group>"; };
		1FF135AA2566A524007E63D2 /* Info.plist */ = {isa = PBXFileReference; lastKnownFileType = text.plist.xml; path = Info.plist; sourceTree = "<group>"; };
/* End PBXFileReference section */

/* Begin PBXFrameworksBuildPhase section */
		1FF135802566A520007E63D2 /* Frameworks */ = {
			isa = PBXFrameworksBuildPhase;
			buildActionMask = 2147483647;
			files = (
			);
			runOnlyForDeploymentPostprocessing = 0;
		};
		1FF135962566A524007E63D2 /* Frameworks */ = {
			isa = PBXFrameworksBuildPhase;
			buildActionMask = 2147483647;
			files = (
			);
			runOnlyForDeploymentPostprocessing = 0;
		};
		1FF135A12566A524007E63D2 /* Frameworks */ = {
			isa = PBXFrameworksBuildPhase;
			buildActionMask = 2147483647;
			files = (
			);
			runOnlyForDeploymentPostprocessing = 0;
		};
/* End PBXFrameworksBuildPhase section */

/* Begin PBXGroup section */
		1FF1357A2566A520007E63D2 = {
			isa = PBXGroup;
			children = (
				1FF135852566A520007E63D2 /* Today */,
				1FF1359C2566A524007E63D2 /* TodayTests */,
				1FF135A72566A524007E63D2 /* TodayUITests */,
				1FF135842566A520007E63D2 /* Products */,
			);
			sourceTree = "<group>";
		};
		1FF135842566A520007E63D2 /* Products */ = {
			isa = PBXGroup;
			children = (
				1FF135832566A520007E63D2 /* Today.app */,
				1FF135992566A524007E63D2 /* TodayTests.xctest */,
				1FF135A42566A524007E63D2 /* TodayUITests.xctest */,
			);
			name = Products;
			sourceTree = "<group>";
		};
		1FF135852566A520007E63D2 /* Today */ = {
			isa = PBXGroup;
			children = (
				1FF135862566A520007E63D2 /* AppDelegate.swift */,
				1FF135882566A520007E63D2 /* SceneDelegate.swift */,
				1FF1358A2566A520007E63D2 /* ViewController.swift */,
				1FF1358C2566A520007E63D2 /* Main.storyboard */,
				1FF1358F2566A524007E63D2 /* Assets.xcassets */,
				1FF135912566A524007E63D2 /* LaunchScreen.storyboard */,
				1FF135942566A524007E63D2 /* Info.plist */,
			);
			path = Today;
			sourceTree = "<group>";
		};
		1FF1359C2566A524007E63D2 /* TodayTests */ = {
			isa = PBXGroup;
			children = (
				1FF1359D2566A524007E63D2 /* TodayTests.swift */,
				1FF1359F2566A524007E63D2 /* Info.plist */,
			);
			path = TodayTests;
			sourceTree = "<group>";
		};
		1FF135A72566A524007E63D2 /* TodayUITests */ = {
			isa = PBXGroup;
			children = (
				1FF135A82566A524007E63D2 /* TodayUITests.swift */,
				1FF135AA2566A524007E63D2 /* Info.plist */,
			);
			path = TodayUITests;
			sourceTree = "<group>";
		};
/* End PBXGroup section */

/* Begin PBXNativeTarget section */
		1FF135822566A520007E63D2 /* Today */ = {
			isa = PBXNativeTarget;
			buildConfigurationList = 1FF135AD2566A524007E63D2 /* Build configuration list for PBXNativeTarget "Today" */;
			buildPhases = (
				1FF1357F2566A520007E63D2 /* Sources */,
				1FF135802566A520007E63D2 /* Frameworks */,
				1FF135812566A520007E63D2 /* Resources */,
			);
			buildRules = (
			);
			dependencies = (
			);
			name = Today;
			productName = Today;
			productReference = 1FF135832566A520007E63D2 /* Today.app */;
			productType = "com.apple.product-type.application";
		};
		1FF135982566A524007E63D2 /* TodayTests */ = {
			isa = PBXNativeTarget;
			buildConfigurationList = 1FF135B02566A524007E63D2 /* Build configuration list for PBXNativeTarget "TodayTests" */;
			buildPhases = (
				1FF135952566A524007E63D2 /* Sources */,
				1FF135962566A524007E63D2 /* Frameworks */,
				1FF135972566A524007E63D2 /* Resources */,
			);
			buildRules = (
			);
			dependencies = (
				1FF1359B2566A524007E63D2 /* PBXTargetDependency */,
			);
			name = TodayTests;
			productName = TodayTests;
			productReference = 1FF135992566A524007E63D2 /* TodayTests.xctest */;
			productType = "com.apple.product-type.bundle.unit-test";
		};
		1FF135A32566A524007E63D2 /* TodayUITests */ = {
			isa = PBXNativeTarget;
			buildConfigurationList = 1FF135B32566A524007E63D2 /* Build configuration list for PBXNativeTarget "TodayUITests" */;
			buildPhases = (
				1FF135A02566A524007E63D2 /* Sources */,
				1FF135A12566A524007E63D2 /* Frameworks */,
				1FF135A22566A524007E63D2 /* Resources */,
			);
			buildRules = (
			);
			dependencies = (
				1FF135A62566A524007E63D2 /* PBXTargetDependency */,
			);
			name = TodayUITests;
			productName = TodayUITests;
			productReference = 1FF135A42566A524007E63D2 /* TodayUITests.xctest */;
			productType = "com.apple.product-type.bundle.ui-testing";
		};
/* End PBXNativeTarget section */

/* Begin PBXProject section */
		1FF1357B2566A520007E63D2 /* Project object */ = {
			isa = PBXProject;
			attributes = {
				LastSwiftUpdateCheck = 1160;
				LastUpgradeCheck = 1160;
				ORGANIZATIONNAME = "Алексей";
				TargetAttributes = {
					1FF135822566A520007E63D2 = {
						CreatedOnToolsVersion = 11.6;
					};
					1FF135982566A524007E63D2 = {
						CreatedOnToolsVersion = 11.6;
						TestTargetID = 1FF135822566A520007E63D2;
					};
					1FF135A32566A524007E63D2 = {
						CreatedOnToolsVersion = 11.6;
						TestTargetID = 1FF135822566A520007E63D2;
					};
				};
			};
			buildConfigurationList = 1FF1357E2566A520007E63D2 /* Build configuration list for PBXProject "Today" */;
			compatibilityVersion = "Xcode 9.3";
			developmentRegion = en;
			hasScannedForEncodings = 0;
			knownRegions = (
				en,
				Base,
			);
			mainGroup = 1FF1357A2566A520007E63D2;
			productRefGroup = 1FF135842566A520007E63D2 /* Products */;
			projectDirPath = "";
			projectRoot = "";
			targets = (
				1FF135822566A520007E63D2 /* Today */,
				1FF135982566A524007E63D2 /* TodayTests */,
				1FF135A32566A524007E63D2 /* TodayUITests */,
			);
		};
/* End PBXProject section */

/* Begin PBXResourcesBuildPhase section */
		1FF135812566A520007E63D2 /* Resources */ = {
			isa = PBXResourcesBuildPhase;
			buildActionMask = 2147483647;
			files = (
				1FF135932566A524007E63D2 /* LaunchScreen.storyboard in Resources */,
				1FF135902566A524007E63D2 /* Assets.xcassets in Resources */,
				1FF1358E2566A520007E63D2 /* Main.storyboard in Resources */,
			);
			runOnlyForDeploymentPostprocessing = 0;
		};
		1FF135972566A524007E63D2 /* Resources */ = {
			isa = PBXResourcesBuildPhase;
			buildActionMask = 2147483647;
			files = (
			);
			runOnlyForDeploymentPostprocessing = 0;
		};
		1FF135A22566A524007E63D2 /* Resources */ = {
			isa = PBXResourcesBuildPhase;
			buildActionMask = 2147483647;
			files = (
			);
			runOnlyForDeploymentPostprocessing = 0;
		};
/* End PBXResourcesBuildPhase section */

/* Begin PBXSourcesBuildPhase section */
		1FF1357F2566A520007E63D2 /* Sources */ = {
			isa = PBXSourcesBuildPhase;
			buildActionMask = 2147483647;
			files = (
				1FF1358B2566A520007E63D2 /* ViewController.swift in Sources */,
				1FF135872566A520007E63D2 /* AppDelegate.swift in Sources */,
				1FF135892566A520007E63D2 /* SceneDelegate.swift in Sources */,
			);
			runOnlyForDeploymentPostprocessing = 0;
		};
		1FF135952566A524007E63D2 /* Sources */ = {
			isa = PBXSourcesBuildPhase;
			buildActionMask = 2147483647;
			files = (
				1FF1359E2566A524007E63D2 /* TodayTests.swift in Sources */,
			);
			runOnlyForDeploymentPostprocessing = 0;
		};
		1FF135A02566A524007E63D2 /* Sources */ = {
			isa = PBXSourcesBuildPhase;
			buildActionMask = 2147483647;
			files = (
				1FF135A92566A524007E63D2 /* TodayUITests.swift in Sources */,
			);
			runOnlyForDeploymentPostprocessing = 0;
		};
/* End PBXSourcesBuildPhase section */

/* Begin PBXTargetDependency section */
		1FF1359B2566A524007E63D2 /* PBXTargetDependency */ = {
			isa = PBXTargetDependency;
			target = 1FF135822566A520007E63D2 /* Today */;
			targetProxy = 1FF1359A2566A524007E63D2 /* PBXContainerItemProxy */;
		};
		1FF135A62566A524007E63D2 /* PBXTargetDependency */ = {
			isa = PBXTargetDependency;
			target = 1FF135822566A520007E63D2 /* Today */;
			targetProxy = 1FF135A52566A524007E63D2 /* PBXContainerItemProxy */;
		};
/* End PBXTargetDependency section */

/* Begin PBXVariantGroup section */
		1FF1358C2566A520007E63D2 /* Main.storyboard */ = {
			isa = PBXVariantGroup;
			children = (
				1FF1358D2566A520007E63D2 /* Base */,
			);
			name = Main.storyboard;
			sourceTree = "<group>";
		};
		1FF135912566A524007E63D2 /* LaunchScreen.storyboard */ = {
			isa = PBXVariantGroup;
			children = (
				1FF135922566A524007E63D2 /* Base */,
			);
			name = LaunchScreen.storyboard;
			sourceTree = "<group>";
		};
/* End PBXVariantGroup section */

/* Begin XCBuildConfiguration section */
		1FF135AB2566A524007E63D2 /* Debug */ = {
			isa = XCBuildConfiguration;
			buildSettings = {
				ALWAYS_SEARCH_USER_PATHS = NO;
				CLANG_ANALYZER_NONNULL = YES;
				CLANG_ANALYZER_NUMBER_OBJECT_CONVERSION = YES_AGGRESSIVE;
				CLANG_CXX_LANGUAGE_STANDARD = "gnu++14";
				CLANG_CXX_LIBRARY = "libc++";
				CLANG_ENABLE_MODULES = YES;
				CLANG_ENABLE_OBJC_ARC = YES;
				CLANG_ENABLE_OBJC_WEAK = YES;
				CLANG_WARN_BLOCK_CAPTURE_AUTORELEASING = YES;
				CLANG_WARN_BOOL_CONVERSION = YES;
				CLANG_WARN_COMMA = YES;
				CLANG_WARN_CONSTANT_CONVERSION = YES;
				CLANG_WARN_DEPRECATED_OBJC_IMPLEMENTATIONS = YES;
				CLANG_WARN_DIRECT_OBJC_ISA_USAGE = YES_ERROR;
				CLANG_WARN_DOCUMENTATION_COMMENTS = YES;
				CLANG_WARN_EMPTY_BODY = YES;
				CLANG_WARN_ENUM_CONVERSION = YES;
				CLANG_WARN_INFINITE_RECURSION = YES;
				CLANG_WARN_INT_CONVERSION = YES;
				CLANG_WARN_NON_LITERAL_NULL_CONVERSION = YES;
				CLANG_WARN_OBJC_IMPLICIT_RETAIN_SELF = YES;
				CLANG_WARN_OBJC_LITERAL_CONVERSION = YES;
				CLANG_WARN_OBJC_ROOT_CLASS = YES_ERROR;
				CLANG_WARN_RANGE_LOOP_ANALYSIS = YES;
				CLANG_WARN_STRICT_PROTOTYPES = YES;
				CLANG_WARN_SUSPICIOUS_MOVE = YES;
				CLANG_WARN_UNGUARDED_AVAILABILITY = YES_AGGRESSIVE;
				CLANG_WARN_UNREACHABLE_CODE = YES;
				CLANG_WARN__DUPLICATE_METHOD_MATCH = YES;
				COPY_PHASE_STRIP = NO;
				DEBUG_INFORMATION_FORMAT = dwarf;
				ENABLE_STRICT_OBJC_MSGSEND = YES;
				ENABLE_TESTABILITY = YES;
				GCC_C_LANGUAGE_STANDARD = gnu11;
				GCC_DYNAMIC_NO_PIC = NO;
				GCC_NO_COMMON_BLOCKS = YES;
				GCC_OPTIMIZATION_LEVEL = 0;
				GCC_PREPROCESSOR_DEFINITIONS = (
					"DEBUG=1",
					"$(inherited)",
				);
				GCC_WARN_64_TO_32_BIT_CONVERSION = YES;
				GCC_WARN_ABOUT_RETURN_TYPE = YES_ERROR;
				GCC_WARN_UNDECLARED_SELECTOR = YES;
				GCC_WARN_UNINITIALIZED_AUTOS = YES_AGGRESSIVE;
				GCC_WARN_UNUSED_FUNCTION = YES;
				GCC_WARN_UNUSED_VARIABLE = YES;
				IPHONEOS_DEPLOYMENT_TARGET = 13.6;
				MTL_ENABLE_DEBUG_INFO = INCLUDE_SOURCE;
				MTL_FAST_MATH = YES;
				ONLY_ACTIVE_ARCH = YES;
				SDKROOT = iphoneos;
				SWIFT_ACTIVE_COMPILATION_CONDITIONS = DEBUG;
				SWIFT_OPTIMIZATION_LEVEL = "-Onone";
			};
			name = Debug;
		};
		1FF135AC2566A524007E63D2 /* Release */ = {
			isa = XCBuildConfiguration;
			buildSettings = {
				ALWAYS_SEARCH_USER_PATHS = NO;
				CLANG_ANALYZER_NONNULL = YES;
				CLANG_ANALYZER_NUMBER_OBJECT_CONVERSION = YES_AGGRESSIVE;
				CLANG_CXX_LANGUAGE_STANDARD = "gnu++14";
				CLANG_CXX_LIBRARY = "libc++";
				CLANG_ENABLE_MODULES = YES;
				CLANG_ENABLE_OBJC_ARC = YES;
				CLANG_ENABLE_OBJC_WEAK = YES;
				CLANG_WARN_BLOCK_CAPTURE_AUTORELEASING = YES;
				CLANG_WARN_BOOL_CONVERSION = YES;
				CLANG_WARN_COMMA = YES;
				CLANG_WARN_CONSTANT_CONVERSION = YES;
				CLANG_WARN_DEPRECATED_OBJC_IMPLEMENTATIONS = YES;
				CLANG_WARN_DIRECT_OBJC_ISA_USAGE = YES_ERROR;
				CLANG_WARN_DOCUMENTATION_COMMENTS = YES;
				CLANG_WARN_EMPTY_BODY = YES;
				CLANG_WARN_ENUM_CONVERSION = YES;
				CLANG_WARN_INFINITE_RECURSION = YES;
				CLANG_WARN_INT_CONVERSION = YES;
				CLANG_WARN_NON_LITERAL_NULL_CONVERSION = YES;
				CLANG_WARN_OBJC_IMPLICIT_RETAIN_SELF = YES;
				CLANG_WARN_OBJC_LITERAL_CONVERSION = YES;
				CLANG_WARN_OBJC_ROOT_CLASS = YES_ERROR;
				CLANG_WARN_RANGE_LOOP_ANALYSIS = YES;
				CLANG_WARN_STRICT_PROTOTYPES = YES;
				CLANG_WARN_SUSPICIOUS_MOVE = YES;
				CLANG_WARN_UNGUARDED_AVAILABILITY = YES_AGGRESSIVE;
				CLANG_WARN_UNREACHABLE_CODE = YES;
				CLANG_WARN__DUPLICATE_METHOD_MATCH = YES;
				COPY_PHASE_STRIP = NO;
				DEBUG_INFORMATION_FORMAT = "dwarf-with-dsym";
				ENABLE_NS_ASSERTIONS = NO;
				ENABLE_STRICT_OBJC_MSGSEND = YES;
				GCC_C_LANGUAGE_STANDARD = gnu11;
				GCC_NO_COMMON_BLOCKS = YES;
				GCC_WARN_64_TO_32_BIT_CONVERSION = YES;
				GCC_WARN_ABOUT_RETURN_TYPE = YES_ERROR;
				GCC_WARN_UNDECLARED_SELECTOR = YES;
				GCC_WARN_UNINITIALIZED_AUTOS = YES_AGGRESSIVE;
				GCC_WARN_UNUSED_FUNCTION = YES;
				GCC_WARN_UNUSED_VARIABLE = YES;
				IPHONEOS_DEPLOYMENT_TARGET = 13.6;
				MTL_ENABLE_DEBUG_INFO = NO;
				MTL_FAST_MATH = YES;
				SDKROOT = iphoneos;
				SWIFT_COMPILATION_MODE = wholemodule;
				SWIFT_OPTIMIZATION_LEVEL = "-O";
				VALIDATE_PRODUCT = YES;
			};
			name = Release;
		};
		1FF135AE2566A524007E63D2 /* Debug */ = {
			isa = XCBuildConfiguration;
			buildSettings = {
				ASSETCATALOG_COMPILER_APPICON_NAME = AppIcon;
				CODE_SIGN_STYLE = Automatic;
				INFOPLIST_FILE = Today/Info.plist;
				LD_RUNPATH_SEARCH_PATHS = (
					"$(inherited)",
					"@executable_path/Frameworks",
				);
				PRODUCT_BUNDLE_IDENTIFIER = SS.Today;
				PRODUCT_NAME = "$(TARGET_NAME)";
				SWIFT_VERSION = 5.0;
				TARGETED_DEVICE_FAMILY = "1,2";
			};
			name = Debug;
		};
		1FF135AF2566A524007E63D2 /* Release */ = {
			isa = XCBuildConfiguration;
			buildSettings = {
				ASSETCATALOG_COMPILER_APPICON_NAME = AppIcon;
				CODE_SIGN_STYLE = Automatic;
				INFOPLIST_FILE = Today/Info.plist;
				LD_RUNPATH_SEARCH_PATHS = (
					"$(inherited)",
					"@executable_path/Frameworks",
				);
				PRODUCT_BUNDLE_IDENTIFIER = SS.Today;
				PRODUCT_NAME = "$(TARGET_NAME)";
				SWIFT_VERSION = 5.0;
				TARGETED_DEVICE_FAMILY = "1,2";
			};
			name = Release;
		};
		1FF135B12566A524007E63D2 /* Debug */ = {
			isa = XCBuildConfiguration;
			buildSettings = {
				ALWAYS_EMBED_SWIFT_STANDARD_LIBRARIES = YES;
				BUNDLE_LOADER = "$(TEST_HOST)";
				CODE_SIGN_STYLE = Automatic;
				INFOPLIST_FILE = TodayTests/Info.plist;
				IPHONEOS_DEPLOYMENT_TARGET = 13.6;
				LD_RUNPATH_SEARCH_PATHS = (
					"$(inherited)",
					"@executable_path/Frameworks",
					"@loader_path/Frameworks",
				);
				PRODUCT_BUNDLE_IDENTIFIER = SS.TodayTests;
				PRODUCT_NAME = "$(TARGET_NAME)";
				SWIFT_VERSION = 5.0;
				TARGETED_DEVICE_FAMILY = "1,2";
				TEST_HOST = "$(BUILT_PRODUCTS_DIR)/Today.app/Today";
			};
			name = Debug;
		};
		1FF135B22566A524007E63D2 /* Release */ = {
			isa = XCBuildConfiguration;
			buildSettings = {
				ALWAYS_EMBED_SWIFT_STANDARD_LIBRARIES = YES;
				BUNDLE_LOADER = "$(TEST_HOST)";
				CODE_SIGN_STYLE = Automatic;
				INFOPLIST_FILE = TodayTests/Info.plist;
				IPHONEOS_DEPLOYMENT_TARGET = 13.6;
				LD_RUNPATH_SEARCH_PATHS = (
					"$(inherited)",
					"@executable_path/Frameworks",
					"@loader_path/Frameworks",
				);
				PRODUCT_BUNDLE_IDENTIFIER = SS.TodayTests;
				PRODUCT_NAME = "$(TARGET_NAME)";
				SWIFT_VERSION = 5.0;
				TARGETED_DEVICE_FAMILY = "1,2";
				TEST_HOST = "$(BUILT_PRODUCTS_DIR)/Today.app/Today";
			};
			name = Release;
		};
		1FF135B42566A524007E63D2 /* Debug */ = {
			isa = XCBuildConfiguration;
			buildSettings = {
				ALWAYS_EMBED_SWIFT_STANDARD_LIBRARIES = YES;
				CODE_SIGN_STYLE = Automatic;
				INFOPLIST_FILE = TodayUITests/Info.plist;
				LD_RUNPATH_SEARCH_PATHS = (
					"$(inherited)",
					"@executable_path/Frameworks",
					"@loader_path/Frameworks",
				);
				PRODUCT_BUNDLE_IDENTIFIER = SS.TodayUITests;
				PRODUCT_NAME = "$(TARGET_NAME)";
				SWIFT_VERSION = 5.0;
				TARGETED_DEVICE_FAMILY = "1,2";
				TEST_TARGET_NAME = Today;
			};
			name = Debug;
		};
		1FF135B52566A524007E63D2 /* Release */ = {
			isa = XCBuildConfiguration;
			buildSettings = {
				ALWAYS_EMBED_SWIFT_STANDARD_LIBRARIES = YES;
				CODE_SIGN_STYLE = Automatic;
				INFOPLIST_FILE = TodayUITests/Info.plist;
				LD_RUNPATH_SEARCH_PATHS = (
					"$(inherited)",
					"@executable_path/Frameworks",
					"@loader_path/Frameworks",
				);
				PRODUCT_BUNDLE_IDENTIFIER = SS.TodayUITests;
				PRODUCT_NAME = "$(TARGET_NAME)";
				SWIFT_VERSION = 5.0;
				TARGETED_DEVICE_FAMILY = "1,2";
				TEST_TARGET_NAME = Today;
			};
			name = Release;
		};
/* End XCBuildConfiguration section */

/* Begin XCConfigurationList section */
		1FF1357E2566A520007E63D2 /* Build configuration list for PBXProject "Today" */ = {
			isa = XCConfigurationList;
			buildConfigurations = (
				1FF135AB2566A524007E63D2 /* Debug */,
				1FF135AC2566A524007E63D2 /* Release */,
			);
			defaultConfigurationIsVisible = 0;
			defaultConfigurationName = Release;
		};
		1FF135AD2566A524007E63D2 /* Build configuration list for PBXNativeTarget "Today" */ = {
			isa = XCConfigurationList;
			buildConfigurations = (
				1FF135AE2566A524007E63D2 /* Debug */,
				1FF135AF2566A524007E63D2 /* Release */,
			);
			defaultConfigurationIsVisible = 0;
			defaultConfigurationName = Release;
		};
		1FF135B02566A524007E63D2 /* Build configuration list for PBXNativeTarget "TodayTests" */ = {
			isa = XCConfigurationList;
			buildConfigurations = (
				1FF135B12566A524007E63D2 /* Debug */,
				1FF135B22566A524007E63D2 /* Release */,
			);
			defaultConfigurationIsVisible = 0;
			defaultConfigurationName = Release;
		};
		1FF135B32566A524007E63D2 /* Build configuration list for PBXNativeTarget "TodayUITests" */ = {
			isa = XCConfigurationList;
			buildConfigurations = (
				1FF135B42566A524007E63D2 /* Debug */,
				1FF135B52566A524007E63D2 /* Release */,
			);
			defaultConfigurationIsVisible = 0;
			defaultConfigurationName = Release;
		};
/* End XCConfigurationList section */
	};
	rootObject = 1FF1357B2566A520007E63D2 /* Project object */;
}
